
Microsoft Visual Studio Solution File, Format Version 12.00
# Visual Studio Version 17
VisualStudioVersion = 17.0.31903.59
MinimumVisualStudioVersion = 10.0.40219.1
Project("{FAE04EC0-301F-11D3-BF4B-00C04F79EFBC}") = "Array", "Array\Array.csproj", "{1CCC8901-4456-4872-938E-FE10998BD000}"
EndProject
Project("{2150E333-8FDC-42A3-9474-1A3956D46DE8}") = "tests", "tests", "{02EA681E-C7D8-13C7-8484-4AC65E1B71E8}"
EndProject
Project("{FAE04EC0-301F-11D3-BF4B-00C04F79EFBC}") = "Array.Tests", "tests\Array.Tests\Array.Tests.csproj", "{7CBC65AA-6D92-4265-848C-8E0FF4C7792A}"
EndProject
Project("{FAE04EC0-301F-11D3-BF4B-00C04F79EFBC}") = "LinkedList", "LinkedList\LinkedList.csproj", "{784CA1FC-5C9A-4392-8D7E-AA91324B7147}"
EndProject
Project("{FAE04EC0-301F-11D3-BF4B-00C04F79EFBC}") = "LinkedList.Tests", "tests\LinkedList.Tests\LinkedList.Tests.csproj", "{A952F862-FC1E-4F55-89E1-FB9E2FECFAB8}"
EndProject
Project("{FAE04EC0-301F-11D3-BF4B-00C04F79EFBC}") = "Hashmap", "Hashmap\Hashmap.csproj", "{2AD5976B-1B55-46E5-A572-41294F178E7D}"
EndProject
Project("{FAE04EC0-301F-11D3-BF4B-00C04F79EFBC}") = "LeetCode.Tests", "tests\LeetCode.Tests\LeetCode.Tests.csproj", "{0B999DB7-729B-4E82-9EA5-0F08881C973B}"
EndProject
Project("{FAE04EC0-301F-11D3-BF4B-00C04F79EFBC}") = "BinaryTree", "BinaryTree\BinaryTree.csproj", "{3EC70993-00F5-497D-B862-B8BFD8C29030}"
EndProject
Global
	GlobalSection(SolutionConfigurationPlatforms) = preSolution
		Debug|Any CPU = Debug|Any CPU
		Release|Any CPU = Release|Any CPU
	EndGlobalSection
	GlobalSection(ProjectConfigurationPlatforms) = postSolution
		{1CCC8901-4456-4872-938E-FE10998BD000}.Debug|Any CPU.ActiveCfg = Debug|Any CPU
		{1CCC8901-4456-4872-938E-FE10998BD000}.Debug|Any CPU.Build.0 = Debug|Any CPU
		{1CCC8901-4456-4872-938E-FE10998BD000}.Release|Any CPU.ActiveCfg = Release|Any CPU
		{1CCC8901-4456-4872-938E-FE10998BD000}.Release|Any CPU.Build.0 = Release|Any CPU
		{7CBC65AA-6D92-4265-848C-8E0FF4C7792A}.Debug|Any CPU.ActiveCfg = Debug|Any CPU
		{7CBC65AA-6D92-4265-848C-8E0FF4C7792A}.Debug|Any CPU.Build.0 = Debug|Any CPU
		{7CBC65AA-6D92-4265-848C-8E0FF4C7792A}.Release|Any CPU.ActiveCfg = Release|Any CPU
		{7CBC65AA-6D92-4265-848C-8E0FF4C7792A}.Release|Any CPU.Build.0 = Release|Any CPU
		{784CA1FC-5C9A-4392-8D7E-AA91324B7147}.Debug|Any CPU.ActiveCfg = Debug|Any CPU
		{784CA1FC-5C9A-4392-8D7E-AA91324B7147}.Debug|Any CPU.Build.0 = Debug|Any CPU
		{784CA1FC-5C9A-4392-8D7E-AA91324B7147}.Release|Any CPU.ActiveCfg = Release|Any CPU
		{784CA1FC-5C9A-4392-8D7E-AA91324B7147}.Release|Any CPU.Build.0 = Release|Any CPU
		{A952F862-FC1E-4F55-89E1-FB9E2FECFAB8}.Debug|Any CPU.ActiveCfg = Debug|Any CPU
		{A952F862-FC1E-4F55-89E1-FB9E2FECFAB8}.Debug|Any CPU.Build.0 = Debug|Any CPU
		{A952F862-FC1E-4F55-89E1-FB9E2FECFAB8}.Release|Any CPU.ActiveCfg = Release|Any CPU
		{A952F862-FC1E-4F55-89E1-FB9E2FECFAB8}.Release|Any CPU.Build.0 = Release|Any CPU
		{2AD5976B-1B55-46E5-A572-41294F178E7D}.Debug|Any CPU.ActiveCfg = Debug|Any CPU
		{2AD5976B-1B55-46E5-A572-41294F178E7D}.Debug|Any CPU.Build.0 = Debug|Any CPU
		{2AD5976B-1B55-46E5-A572-41294F178E7D}.Release|Any CPU.ActiveCfg = Release|Any CPU
		{2AD5976B-1B55-46E5-A572-41294F178E7D}.Release|Any CPU.Build.0 = Release|Any CPU
		{0B999DB7-729B-4E82-9EA5-0F08881C973B}.Debug|Any CPU.ActiveCfg = Debug|Any CPU
		{0B999DB7-729B-4E82-9EA5-0F08881C973B}.Debug|Any CPU.Build.0 = Debug|Any CPU
		{0B999DB7-729B-4E82-9EA5-0F08881C973B}.Release|Any CPU.ActiveCfg = Release|Any CPU
		{0B999DB7-729B-4E82-9EA5-0F08881C973B}.Release|Any CPU.Build.0 = Release|Any CPU
		{3EC70993-00F5-497D-B862-B8BFD8C29030}.Debug|Any CPU.ActiveCfg = Debug|Any CPU
		{3EC70993-00F5-497D-B862-B8BFD8C29030}.Debug|Any CPU.Build.0 = Debug|Any CPU
		{3EC70993-00F5-497D-B862-B8BFD8C29030}.Release|Any CPU.ActiveCfg = Release|Any CPU
		{3EC70993-00F5-497D-B862-B8BFD8C29030}.Release|Any CPU.Build.0 = Release|Any CPU
	EndGlobalSection
	GlobalSection(SolutionProperties) = preSolution
		HideSolutionNode = FALSE
	EndGlobalSection
	GlobalSection(NestedProjects) = preSolution
		{7CBC65AA-6D92-4265-848C-8E0FF4C7792A} = {02EA681E-C7D8-13C7-8484-4AC65E1B71E8}
		{A952F862-FC1E-4F55-89E1-FB9E2FECFAB8} = {02EA681E-C7D8-13C7-8484-4AC65E1B71E8}
		{0B999DB7-729B-4E82-9EA5-0F08881C973B} = {02EA681E-C7D8-13C7-8484-4AC65E1B71E8}
	EndGlobalSection
	GlobalSection(ExtensibilityGlobals) = postSolution
		SolutionGuid = {AEEB6EC8-308C-4A49-9A52-FE57F0898473}
	EndGlobalSection
EndGlobal
